github.com/BurntSushi/toml v0.3.1/go.mod h1:xHWCNGjB5oqiDr8zfno3MHue2Ht5sIBksp03qcyfWMU=
github.com/BurntSushi/toml v0.4.1 h1:GaI7EiDXDRfa8VshkTj7Fym7ha+y8/XxIgD2okUIjLw=
github.com/BurntSushi/toml v0.4.1/go.mod h1:CxXYINrC8qIiEnFrOxCa7Jy5BFHlXnUU2pbicEuybxQ=
github.com/cdutwhu/debog v0.2.12 h1:1Si7VftJfLAeSec3NAHoGPPt7Li0R1CHa7mjb+cRO8k=
github.com/cdutwhu/debog v0.2.12/go.mod h1:qMQrHVozPZKANb+rDva6fnK453xaQ/pXGgo9tXifJQI=
github.com/cdutwhu/gonfig v0.0.2 h1:Xl0UzPsSOi6ySdsPUC2aW7qffI6/06RvYXfItrrLu94=
github.com/cdutwhu/gonfig v0.0.2/go.mod h1:qIvEsbyCXfw0jVPOcdd6+Q+fdqyThphQHDNSsqTfe4w=
github.com/cdutwhu/gotil v0.1.31 h1:euWFnfBrUK18OQug2BXRiQxpURzNno/j1EHEXCMr8Rc=
github.com/cdutwhu/gotil v0.1.31/go.mod h1:J9chaFSD2sBC6a+TN57vFKgY1ow6M5dRlg7gMZWpdO8=
github.com/cdutwhu/n3-util v0.3.12 h1:FD+4uBlLeLsOguRETUyWScr1Tl/fHqIAp3i0FDrvbqo=
github.com/cdutwhu/n3-util v0.3.12/go.mod h1:SfOuUp1cjuPQWOBNF5UwEeUYhoQ57cA9i7nE0yU7oQk=
github.com/clbanning/mxj v1.8.4 h1:HuhwZtbyvyOw+3Z1AowPkU87JkJUSv751ELWaiTpj8I=
github.com/clbanning/mxj v1.8.4/go.mod h1:BVjHeAH+rl9rs6f+QIpeRl0tfu10SXn1pUSa5PVGJng=
github.com/davecgh/go-spew v1.1.0/go.mod h1:J7Y8YcW2NihsgmVo/mv3lAwl/skON4iLHjSsI+c5H38=
github.com/davecgh/go-spew v1.1.1/go.mod h1:J7Y8YcW2NihsgmVo/mv3lAwl/skON4iLHjSsI+c5H38=
github.com/digisan/embres v0.0.1 h1:50hE/sAcG5vhlCxg7JRbQB8DFkktn9kr3KTvXJ+E8as=
github.com/digisan/embres v0.0.1/go.mod h1:kLHisMV8b5FFraZGgCeV8ee0sXxUCOht9rS0FzptHk0=
github.com/digisan/gotk v0.0.2/go.mod h1:0wcy9B48yQflK0HkIAqXTypPYk1tEfqexh49jG2nAPc=
github.com/digisan/gotk v0.0.26/go.mod h1:UQ8YCI0uvFowgH6q7cI6FGDy2vMLmCIgLb/E3HqkUU0=
github.com/digisan/gotk v0.0.34 h1:NnamqZCqcQ83jdMzWyNLuTGMqAbxBNrvxuT+2I1jBzI=
github.com/digisan/gotk v0.0.34/go.mod h1:UQ8YCI0uvFowgH6q7cI6FGDy2vMLmCIgLb/E3HqkUU0=
github.com/digisan/json-tool v0.0.12 h1:02KohF+dPrprXhO1OQNy2vsyttUzKj8nzsQS8+5nYw0=
github.com/digisan/json-tool v0.0.12/go.mod h1:TUcjGPavlCz2kAhRrJWJAynCfOBgOKCNVoCIgQAcj2I=
github.com/digisan/logkit v0.0.2 h1:j+3fRoq+QSaiqXoxQGsEejN4b9A+TGFV2GzzP9PVNfI=
github.com/digisan/logkit v0.0.2/go.mod h1:mJ/Ipl9Cu/xSs+IYHBokxR0BMO+fgYWECD4qhn1YtWc=
github.com/go-xmlfmt/xmlfmt v0.0.0-20191208150333-d5b6f63a941b/go.mod h1:aUCEOzzezBEjDBbFBoSiya/gduyIiWYRP6CnSFIV8AM=
github.com/gookit/color v1.3.7/go.mod h1:R3ogXq2B9rTbXoSHJ1HyUVAZ3poOJHpd9nQmyGZsfvQ=
github.com/gookit/color v1.3.8/go.mod h1:R3ogXq2B9rTbXoSHJ1HyUVAZ3poOJHpd9nQmyGZsfvQ=
github.com/gookit/color v1.4.2 h1:tXy44JFSFkKnELV6WaMo/lLfu/meqITX3iAV52do7lk=
github.com/gookit/color v1.4.2/go.mod h1:fqRyamkC1W8uxl+lxCQxOT09l/vYfZ+QeiX3rKQHCoQ=
github.com/konsorten/go-windows-terminal-sequences v1.0.3/go.mod h1:T0+1ngSBFLxvqU3pZ+m/2kptfBszLMUkC4ZK/EgS/cQ=
github.com/opentracing/opentracing-go v1.2.0/go.mod h1:GxEUsuufX4nBwe+T+Wl9TAgYrxe9dPLANfrWvHYVTgc=
github.com/peterbourgon/mergemap v0.0.0-20130613134717-e21c03b7a721 h1:ArxMo6jAOO2KuRsepZ0hTaH4hZCi2CCW4P9PV59HHH0=
github.com/peterbourgon/mergemap v0.0.0-20130613134717-e21c03b7a721/go.mod h1:jQyRpOpE/KbvPc0VKXjAqctYglwUO5W6zAcGcFfbvlo=
github.com/pkg/errors v0.9.1/go.mod h1:bwawxfHBFNV+L2hUp1rHADufV3IMtnDRdf1r5NINEl0=
github.com/pmezard/go-difflib v1.0.0/go.mod h1:iKH77koFhYxTK1pcRnkKkqfTogsbg7gZNVY4sRDYZ/4=
github.com/sirupsen/logrus v1.8.1/go.mod h1:yWOB1SBYBC5VeMP7gHvWumXLIWorT60ONWic61uBYv0=
github.com/stretchr/objx v0.1.0/go.mod h1:HFkY916IF+rwdDfMAkV7OtwuqBVzrE8GR6GFx+wExME=
github.com/stretchr/testify v1.2.2/go.mod h1:a8OnRcib4nhh0OaRAV+Yts87kKdq0PP7pXfy6kDkUVs=
github.com/stretchr/testify v1.3.0/go.mod h1:M5WIy9Dh21IEIfnGCwXGc5bZfKNJtfHm1UVUgZn+9EI=
github.com/stretchr/testify v1.6.1/go.mod h1:6Fq8oRcR53rry900zMqJjRRixrwX3KX962/h/Wwjteg=
github.com/tidwall/gjson v1.9.1 h1:wrrRk7TyL7MmKanNRck/Mcr3VU1sdMvJHvJXzqBIUNo=
github.com/tidwall/gjson v1.9.1/go.mod h1:jydLKE7s8J0+1/5jC4eXcuFlzKizGrCKvLmBVX/5oXc=
github.com/tidwall/match v1.0.3 h1:FQUVvBImDutD8wJLN6c5eMzWtjgONK9MwIBCOrUJKeE=
github.com/tidwall/match v1.0.3/go.mod h1:eRSPERbgtNPcGhD8UCthc6PmLEQXEWd3PRB5JTxsfmM=
github.com/tidwall/pretty v1.2.0 h1:RWIZEg2iJ8/g6fDDYzMpobmaoGh5OLl4AXtGUGPcqCs=
github.com/tidwall/pretty v1.2.0/go.mod h1:ITEVvHYasfjBbM0u2Pg8T2nJnzm8xPwvNhhsoaGGjNU=
github.com/tidwall/sjson v1.2.2 h1:H1Llj/C9G+BoUN2DsybLHjWvr9dx4Uazavf0sXQ+rOs=
github.com/tidwall/sjson v1.2.2/go.mod h1:jmW2RZpbKuExPFUHeFSBMiovT9ZyOziEHDRkbsdp0B0=
github.com/uber/jaeger-client-go v2.25.0+incompatible/go.mod h1:WVhlPFC8FDjOFMMWRy2pZqQJSXxYSwNYOkTr/Z6d3Kk=
github.com/uber/jaeger-lib v2.4.0+incompatible/go.mod h1:ComeNDZlWwrWnDv8aPp0Ba6+uUTzImX/AauajbLI56U=
github.com/xo/terminfo v0.0.0-20210125001918-ca9a967f8778 h1:QldyIu/L63oPpyvQmHgvgickp1Yw510KJOqX7H24mg8=
github.com/xo/terminfo v0.0.0-20210125001918-ca9a967f8778/go.mod h1:2MuV+tbUrU1zIOPMxZ5EncGwgmMJsa+9ucAQZXxsObs=
go.uber.org/atomic v1.7.0/go.mod h1:fEN4uk6kAWBTFdckzkM89CLk9XfWZrxpCo0nPH17wJc=
golang.org/x/sys v0.0.0-20191026070338-33540a1f6037/go.mod h1:h1NjWce9XRLGQEsW7wpKNCjG9DtNlClVuFLEZdDNbEs=
golang.org/x/sys v0.0.0-20210320140829-1e4c9ba3b0c4/go.mod h1:h1NjWce9XRLGQEsW7wpKNCjG9DtNlClVuFLEZdDNbEs=
golang.org/x/sys v0.0.0-20210330210617-4fbd30eecc44/go.mod h1:h1NjWce9XRLGQEsW7wpKNCjG9DtNlClVuFLEZdDNbEs=
golang.org/x/sys v0.0.0-20210615035016-665e8c7367d1/go.mod h1:oPkhp1MJrh7nUepCBck5+mAzfO9JrbApNNgaTdGDITg=
golang.org/x/sys v0.0.0-20210917161153-d61c044b1678 h1:J27LZFQBFoihqXoegpscI10HpjZ7B5WQLLKL2FZXQKw=
golang.org/x/sys v0.0.0-20210917161153-d61c044b1678/go.mod h1:oPkhp1MJrh7nUepCBck5+mAzfO9JrbApNNgaTdGDITg=
gopkg.in/check.v1 v0.0.0-20161208181325-20d25e280405/go.mod h1:Co6ibVJAznAaIkqp8huTwlJQCZ016jof/cbN4VW5Yz0=
gopkg.in/yaml.v3 v3.0.0-20200313102051-9f266ea9e77c/go.mod h1:K4uyk7z7BCEPqu6E+C64Yfv1cQ7kz7rIZviUmN+EgEM=
